
Microsoft Visual Studio Solution File, Format Version 12.00
# Visual Studio Version 17
VisualStudioVersion = 17.6.33712.159
MinimumVisualStudioVersion = 10.0.40219.1
Project("{FAE04EC0-301F-11D3-BF4B-00C04F79EFBC}") = "Week15OOPandFiles", "Week15OOPandFiles\Week15OOPandFiles.csproj", "{8AB13155-4FAD-467C-AB84-6D94F43AA35E}"
EndProject
Global
	GlobalSection(SolutionConfigurationPlatforms) = preSolution
		Debug|Any CPU = Debug|Any CPU
		Release|Any CPU = Release|Any CPU
	EndGlobalSection
	GlobalSection(ProjectConfigurationPlatforms) = postSolution
		{8AB13155-4FAD-467C-AB84-6D94F43AA35E}.Debug|Any CPU.ActiveCfg = Debug|Any CPU
		{8AB13155-4FAD-467C-AB84-6D94F43AA35E}.Debug|Any CPU.Build.0 = Debug|Any CPU
		{8AB13155-4FAD-467C-AB84-6D94F43AA35E}.Release|Any CPU.ActiveCfg = Release|Any CPU
		{8AB13155-4FAD-467C-AB84-6D94F43AA35E}.Release|Any CPU.Build.0 = Release|Any CPU
	EndGlobalSection
	GlobalSection(SolutionProperties) = preSolution
		HideSolutionNode = FALSE
	EndGlobalSection
	GlobalSection(ExtensibilityGlobals) = postSolution
		SolutionGuid = {1CF9A4C3-7D1A-4AFE-A98D-432BFBA4337D}
	EndGlobalSection
EndGlobal
